# This file is autogenerated, do not edit; changes may be undone by the next 'dep ensure'.


[[projects]]
  digest = "1:f97285a3b0a496dcf8801072622230d513f69175665d94de60eb042d03387f6c"
  name = "github.com/julienschmidt/httprouter"
  packages = ["."]
  pruneopts = "UT"
  revision = "348b672cd90d8190f8240323e372ecd1e66b59dc"
  version = "v1.2.0"

[[projects]]
  digest = "1:b749dfc1b2734006da71966102ca708c5575081590f4bbfa7bf6ba1979f04ee9"
  name = "github.com/speps/go-hashids"
  packages = ["."]
  pruneopts = "UT"
  revision = "ad304c6ede07ca1f915c30a5510c45860aa165a7"
  version = "v2.0.0"

[solve-meta]
  analyzer-name = "dep"
  analyzer-version = 1
  input-imports = [
    "github.com/julienschmidt/httprouter",
    "github.com/speps/go-hashids",
  ]
  solver-name = "gps-cdcl"
  solver-version = 1
